// !$*UTF8*$!
{
	archiveVersion = 1;
	classes = {
	};
	objectVersion = 46;
	objects = {

/* Begin PBXBuildFile section */
		391393FC19581D0F0000E675 /* AssetsLibrary.framework in Frameworks */ = {isa = PBXBuildFile; fileRef = 391393FB19581D0F0000E675 /* AssetsLibrary.framework */; };
		39A89BF21951ABF200A41FE4 /* Foundation.framework in Frameworks */ = {isa = PBXBuildFile; fileRef = 39A89BF11951ABF200A41FE4 /* Foundation.framework */; };
		39A89BF41951ABF200A41FE4 /* CoreGraphics.framework in Frameworks */ = {isa = PBXBuildFile; fileRef = 39A89BF31951ABF200A41FE4 /* CoreGraphics.framework */; };
		39A89BF61951ABF200A41FE4 /* UIKit.framework in Frameworks */ = {isa = PBXBuildFile; fileRef = 39A89BF51951ABF200A41FE4 /* UIKit.framework */; };
		39A89BFC1951ABF200A41FE4 /* InfoPlist.strings in Resources */ = {isa = PBXBuildFile; fileRef = 39A89BFA1951ABF200A41FE4 /* InfoPlist.strings */; };
		39A89BFE1951ABF200A41FE4 /* main.m in Sources */ = {isa = PBXBuildFile; fileRef = 39A89BFD1951ABF200A41FE4 /* main.m */; };
		39A89C021951ABF200A41FE4 /* AppDelegate.m in Sources */ = {isa = PBXBuildFile; fileRef = 39A89C011951ABF200A41FE4 /* AppDelegate.m */; };
		39A89C041951ABF200A41FE4 /* Images.xcassets in Resources */ = {isa = PBXBuildFile; fileRef = 39A89C031951ABF200A41FE4 /* Images.xcassets */; };
		39A89C0B1951ABF300A41FE4 /* XCTest.framework in Frameworks */ = {isa = PBXBuildFile; fileRef = 39A89C0A1951ABF300A41FE4 /* XCTest.framework */; };
		39A89C0C1951ABF300A41FE4 /* Foundation.framework in Frameworks */ = {isa = PBXBuildFile; fileRef = 39A89BF11951ABF200A41FE4 /* Foundation.framework */; };
		39A89C0D1951ABF300A41FE4 /* UIKit.framework in Frameworks */ = {isa = PBXBuildFile; fileRef = 39A89BF51951ABF200A41FE4 /* UIKit.framework */; };
		39A89C151951ABF300A41FE4 /* InfoPlist.strings in Resources */ = {isa = PBXBuildFile; fileRef = 39A89C131951ABF300A41FE4 /* InfoPlist.strings */; };
		39A89C171951ABF300A41FE4 /* PicCollageTests.m in Sources */ = {isa = PBXBuildFile; fileRef = 39A89C161951ABF300A41FE4 /* PicCollageTests.m */; };
		39DF5A73195305AC00C6C32F /* ScrollCollageViewController.m in Sources */ = {isa = PBXBuildFile; fileRef = 39DF5A71195305AC00C6C32F /* ScrollCollageViewController.m */; };
		39DF5A74195305AC00C6C32F /* ScrollCollageViewController.xib in Resources */ = {isa = PBXBuildFile; fileRef = 39DF5A72195305AC00C6C32F /* ScrollCollageViewController.xib */; };
		39DF5A7819530A4600C6C32F /* MakeCollageViewController.m in Sources */ = {isa = PBXBuildFile; fileRef = 39DF5A7619530A4600C6C32F /* MakeCollageViewController.m */; };
		39DF5A7919530A4600C6C32F /* MakeCollageViewController.xib in Resources */ = {isa = PBXBuildFile; fileRef = 39DF5A7719530A4600C6C32F /* MakeCollageViewController.xib */; };
		39DF5A7C19530E5C00C6C32F /* ImagePickerView.m in Sources */ = {isa = PBXBuildFile; fileRef = 39DF5A7B19530E5C00C6C32F /* ImagePickerView.m */; settings = {COMPILER_FLAGS = "-fno-objc-arc"; }; };
		39DF5A7E19530E8600C6C32F /* MobileCoreServices.framework in Frameworks */ = {isa = PBXBuildFile; fileRef = 39DF5A7D19530E8600C6C32F /* MobileCoreServices.framework */; };
		39DF5A88195314E500C6C32F /* UIImage+Alpha.m in Sources */ = {isa = PBXBuildFile; fileRef = 39DF5A81195314E500C6C32F /* UIImage+Alpha.m */; };
		39DF5A89195314E500C6C32F /* UIImage+RawData.m in Sources */ = {isa = PBXBuildFile; fileRef = 39DF5A83195314E500C6C32F /* UIImage+RawData.m */; settings = {COMPILER_FLAGS = "-fno-objc-arc"; }; };
		39DF5A8A195314E500C6C32F /* UIImage+Resize.m in Sources */ = {isa = PBXBuildFile; fileRef = 39DF5A85195314E500C6C32F /* UIImage+Resize.m */; };
		39DF5A8B195314E500C6C32F /* UIImage+RoundedCorner.m in Sources */ = {isa = PBXBuildFile; fileRef = 39DF5A87195314E500C6C32F /* UIImage+RoundedCorner.m */; };
/* End PBXBuildFile section */

/* Begin PBXContainerItemProxy section */
		39A89C0E1951ABF300A41FE4 /* PBXContainerItemProxy */ = {
			isa = PBXContainerItemProxy;
			containerPortal = 39A89BE61951ABF200A41FE4 /* Project object */;
			proxyType = 1;
			remoteGlobalIDString = 39A89BED1951ABF200A41FE4;
			remoteInfo = PicCollage;
		};
/* End PBXContainerItemProxy section */

/* Begin PBXFileReference section */
		391393FB19581D0F0000E675 /* AssetsLibrary.framework */ = {isa = PBXFileReference; lastKnownFileType = wrapper.framework; name = AssetsLibrary.framework; path = System/Library/Frameworks/AssetsLibrary.framework; sourceTree = SDKROOT; };
		39A89BEE1951ABF200A41FE4 /* PicCollage.app */ = {isa = PBXFileReference; explicitFileType = wrapper.application; includeInIndex = 0; path = PicCollage.app; sourceTree = BUILT_PRODUCTS_DIR; };
		39A89BF11951ABF200A41FE4 /* Foundation.framework */ = {isa = PBXFileReference; lastKnownFileType = wrapper.framework; name = Foundation.framework; path = System/Library/Frameworks/Foundation.framework; sourceTree = SDKROOT; };
		39A89BF31951ABF200A41FE4 /* CoreGraphics.framework */ = {isa = PBXFileReference; lastKnownFileType = wrapper.framework; name = CoreGraphics.framework; path = System/Library/Frameworks/CoreGraphics.framework; sourceTree = SDKROOT; };
		39A89BF51951ABF200A41FE4 /* UIKit.framework */ = {isa = PBXFileReference; lastKnownFileType = wrapper.framework; name = UIKit.framework; path = System/Library/Frameworks/UIKit.framework; sourceTree = SDKROOT; };
		39A89BF91951ABF200A41FE4 /* PicCollage-Info.plist */ = {isa = PBXFileReference; lastKnownFileType = text.plist.xml; path = "PicCollage-Info.plist"; sourceTree = "<group>"; };
		39A89BFB1951ABF200A41FE4 /* en */ = {isa = PBXFileReference; lastKnownFileType = text.plist.strings; name = en; path = en.lproj/InfoPlist.strings; sourceTree = "<group>"; };
		39A89BFD1951ABF200A41FE4 /* main.m */ = {isa = PBXFileReference; lastKnownFileType = sourcecode.c.objc; path = main.m; sourceTree = "<group>"; };
		39A89BFF1951ABF200A41FE4 /* PicCollage-Prefix.pch */ = {isa = PBXFileReference; lastKnownFileType = sourcecode.c.h; path = "PicCollage-Prefix.pch"; sourceTree = "<group>"; };
		39A89C001951ABF200A41FE4 /* AppDelegate.h */ = {isa = PBXFileReference; lastKnownFileType = sourcecode.c.h; path = AppDelegate.h; sourceTree = "<group>"; };
		39A89C011951ABF200A41FE4 /* AppDelegate.m */ = {isa = PBXFileReference; lastKnownFileType = sourcecode.c.objc; path = AppDelegate.m; sourceTree = "<group>"; };
		39A89C031951ABF200A41FE4 /* Images.xcassets */ = {isa = PBXFileReference; lastKnownFileType = folder.assetcatalog; path = Images.xcassets; sourceTree = "<group>"; };
		39A89C091951ABF300A41FE4 /* PicCollageTests.xctest */ = {isa = PBXFileReference; explicitFileType = wrapper.cfbundle; includeInIndex = 0; path = PicCollageTests.xctest; sourceTree = BUILT_PRODUCTS_DIR; };
		39A89C0A1951ABF300A41FE4 /* XCTest.framework */ = {isa = PBXFileReference; lastKnownFileType = wrapper.framework; name = XCTest.framework; path = Library/Frameworks/XCTest.framework; sourceTree = DEVELOPER_DIR; };
		39A89C121951ABF300A41FE4 /* PicCollageTests-Info.plist */ = {isa = PBXFileReference; lastKnownFileType = text.plist.xml; path = "PicCollageTests-Info.plist"; sourceTree = "<group>"; };
		39A89C141951ABF300A41FE4 /* en */ = {isa = PBXFileReference; lastKnownFileType = text.plist.strings; name = en; path = en.lproj/InfoPlist.strings; sourceTree = "<group>"; };
		39A89C161951ABF300A41FE4 /* PicCollageTests.m */ = {isa = PBXFileReference; lastKnownFileType = sourcecode.c.objc; path = PicCollageTests.m; sourceTree = "<group>"; };
		39DF5A6E1952F5BB00C6C32F /* Macros.h */ = {isa = PBXFileReference; fileEncoding = 4; lastKnownFileType = sourcecode.c.h; path = Macros.h; sourceTree = "<group>"; };
		39DF5A70195305AC00C6C32F /* ScrollCollageViewController.h */ = {isa = PBXFileReference; fileEncoding = 4; lastKnownFileType = sourcecode.c.h; path = ScrollCollageViewController.h; sourceTree = "<group>"; };
		39DF5A71195305AC00C6C32F /* ScrollCollageViewController.m */ = {isa = PBXFileReference; fileEncoding = 4; lastKnownFileType = sourcecode.c.objc; path = ScrollCollageViewController.m; sourceTree = "<group>"; };
		39DF5A72195305AC00C6C32F /* ScrollCollageViewController.xib */ = {isa = PBXFileReference; fileEncoding = 4; lastKnownFileType = file.xib; path = ScrollCollageViewController.xib; sourceTree = "<group>"; };
		39DF5A7519530A4600C6C32F /* MakeCollageViewController.h */ = {isa = PBXFileReference; fileEncoding = 4; lastKnownFileType = sourcecode.c.h; path = MakeCollageViewController.h; sourceTree = "<group>"; };
		39DF5A7619530A4600C6C32F /* MakeCollageViewController.m */ = {isa = PBXFileReference; fileEncoding = 4; lastKnownFileType = sourcecode.c.objc; path = MakeCollageViewController.m; sourceTree = "<group>"; };
		39DF5A7719530A4600C6C32F /* MakeCollageViewController.xib */ = {isa = PBXFileReference; fileEncoding = 4; lastKnownFileType = file.xib; path = MakeCollageViewController.xib; sourceTree = "<group>"; };
		39DF5A7A19530E5C00C6C32F /* ImagePickerView.h */ = {isa = PBXFileReference; fileEncoding = 4; lastKnownFileType = sourcecode.c.h; path = ImagePickerView.h; sourceTree = "<group>"; };
		39DF5A7B19530E5C00C6C32F /* ImagePickerView.m */ = {isa = PBXFileReference; fileEncoding = 4; lastKnownFileType = sourcecode.c.objc; path = ImagePickerView.m; sourceTree = "<group>"; };
		39DF5A7D19530E8600C6C32F /* MobileCoreServices.framework */ = {isa = PBXFileReference; lastKnownFileType = wrapper.framework; name = MobileCoreServices.framework; path = System/Library/Frameworks/MobileCoreServices.framework; sourceTree = SDKROOT; };
		39DF5A80195314E500C6C32F /* UIImage+Alpha.h */ = {isa = PBXFileReference; fileEncoding = 4; lastKnownFileType = sourcecode.c.h; path = "UIImage+Alpha.h"; sourceTree = "<group>"; };
		39DF5A81195314E500C6C32F /* UIImage+Alpha.m */ = {isa = PBXFileReference; fileEncoding = 4; lastKnownFileType = sourcecode.c.objc; path = "UIImage+Alpha.m"; sourceTree = "<group>"; };
		39DF5A82195314E500C6C32F /* UIImage+RawData.h */ = {isa = PBXFileReference; fileEncoding = 4; lastKnownFileType = sourcecode.c.h; path = "UIImage+RawData.h"; sourceTree = "<group>"; };
		39DF5A83195314E500C6C32F /* UIImage+RawData.m */ = {isa = PBXFileReference; fileEncoding = 4; lastKnownFileType = sourcecode.c.objc; path = "UIImage+RawData.m"; sourceTree = "<group>"; };
		39DF5A84195314E500C6C32F /* UIImage+Resize.h */ = {isa = PBXFileReference; fileEncoding = 4; lastKnownFileType = sourcecode.c.h; path = "UIImage+Resize.h"; sourceTree = "<group>"; };
		39DF5A85195314E500C6C32F /* UIImage+Resize.m */ = {isa = PBXFileReference; fileEncoding = 4; lastKnownFileType = sourcecode.c.objc; path = "UIImage+Resize.m"; sourceTree = "<group>"; };
		39DF5A86195314E500C6C32F /* UIImage+RoundedCorner.h */ = {isa = PBXFileReference; fileEncoding = 4; lastKnownFileType = sourcecode.c.h; path = "UIImage+RoundedCorner.h"; sourceTree = "<group>"; };
		39DF5A87195314E500C6C32F /* UIImage+RoundedCorner.m */ = {isa = PBXFileReference; fileEncoding = 4; lastKnownFileType = sourcecode.c.objc; path = "UIImage+RoundedCorner.m"; sourceTree = "<group>"; };
/* End PBXFileReference section */

/* Begin PBXFrameworksBuildPhase section */
		39A89BEB1951ABF200A41FE4 /* Frameworks */ = {
			isa = PBXFrameworksBuildPhase;
			buildActionMask = 2147483647;
			files = (
				391393FC19581D0F0000E675 /* AssetsLibrary.framework in Frameworks */,
				39DF5A7E19530E8600C6C32F /* MobileCoreServices.framework in Frameworks */,
				39A89BF41951ABF200A41FE4 /* CoreGraphics.framework in Frameworks */,
				39A89BF61951ABF200A41FE4 /* UIKit.framework in Frameworks */,
				39A89BF21951ABF200A41FE4 /* Foundation.framework in Frameworks */,
			);
			runOnlyForDeploymentPostprocessing = 0;
		};
		39A89C061951ABF300A41FE4 /* Frameworks */ = {
			isa = PBXFrameworksBuildPhase;
			buildActionMask = 2147483647;
			files = (
				39A89C0B1951ABF300A41FE4 /* XCTest.framework in Frameworks */,
				39A89C0D1951ABF300A41FE4 /* UIKit.framework in Frameworks */,
				39A89C0C1951ABF300A41FE4 /* Foundation.framework in Frameworks */,
			);
			runOnlyForDeploymentPostprocessing = 0;
		};
/* End PBXFrameworksBuildPhase section */

/* Begin PBXGroup section */
		39A89BE51951ABF200A41FE4 = {
			isa = PBXGroup;
			children = (
				39A89BF71951ABF200A41FE4 /* PicCollage */,
				39A89C101951ABF300A41FE4 /* PicCollageTests */,
				39A89BF01951ABF200A41FE4 /* Frameworks */,
				39A89BEF1951ABF200A41FE4 /* Products */,
			);
			sourceTree = "<group>";
		};
		39A89BEF1951ABF200A41FE4 /* Products */ = {
			isa = PBXGroup;
			children = (
				39A89BEE1951ABF200A41FE4 /* PicCollage.app */,
				39A89C091951ABF300A41FE4 /* PicCollageTests.xctest */,
			);
			name = Products;
			sourceTree = "<group>";
		};
		39A89BF01951ABF200A41FE4 /* Frameworks */ = {
			isa = PBXGroup;
			children = (
				391393FB19581D0F0000E675 /* AssetsLibrary.framework */,
				39DF5A7D19530E8600C6C32F /* MobileCoreServices.framework */,
				39A89BF11951ABF200A41FE4 /* Foundation.framework */,
				39A89BF31951ABF200A41FE4 /* CoreGraphics.framework */,
				39A89BF51951ABF200A41FE4 /* UIKit.framework */,
				39A89C0A1951ABF300A41FE4 /* XCTest.framework */,
			);
			name = Frameworks;
			sourceTree = "<group>";
		};
		39A89BF71951ABF200A41FE4 /* PicCollage */ = {
			isa = PBXGroup;
			children = (
				39DF5A6D1952F5BB00C6C32F /* Helper */,
				39A89C001951ABF200A41FE4 /* AppDelegate.h */,
				39A89C011951ABF200A41FE4 /* AppDelegate.m */,
				39DF5A6F1953056600C6C32F /* Screen */,
				39A89C031951ABF200A41FE4 /* Images.xcassets */,
				39A89BF81951ABF200A41FE4 /* Supporting Files */,
			);
			path = PicCollage;
			sourceTree = "<group>";
		};
		39A89BF81951ABF200A41FE4 /* Supporting Files */ = {
			isa = PBXGroup;
			children = (
				39A89BF91951ABF200A41FE4 /* PicCollage-Info.plist */,
				39A89BFA1951ABF200A41FE4 /* InfoPlist.strings */,
				39A89BFD1951ABF200A41FE4 /* main.m */,
				39A89BFF1951ABF200A41FE4 /* PicCollage-Prefix.pch */,
			);
			name = "Supporting Files";
			sourceTree = "<group>";
		};
		39A89C101951ABF300A41FE4 /* PicCollageTests */ = {
			isa = PBXGroup;
			children = (
				39A89C161951ABF300A41FE4 /* PicCollageTests.m */,
				39A89C111951ABF300A41FE4 /* Supporting Files */,
			);
			path = PicCollageTests;
			sourceTree = "<group>";
		};
		39A89C111951ABF300A41FE4 /* Supporting Files */ = {
			isa = PBXGroup;
			children = (
				39A89C121951ABF300A41FE4 /* PicCollageTests-Info.plist */,
				39A89C131951ABF300A41FE4 /* InfoPlist.strings */,
			);
			name = "Supporting Files";
			sourceTree = "<group>";
		};
		39DF5A6D1952F5BB00C6C32F /* Helper */ = {
			isa = PBXGroup;
			children = (
				39DF5A7A19530E5C00C6C32F /* ImagePickerView.h */,
				39DF5A7B19530E5C00C6C32F /* ImagePickerView.m */,
				39DF5A6E1952F5BB00C6C32F /* Macros.h */,
				39DF5A7F195314E500C6C32F /* ImageResize */,
			);
			path = Helper;
			sourceTree = "<group>";
		};
		39DF5A6F1953056600C6C32F /* Screen */ = {
			isa = PBXGroup;
			children = (
				39DF5A70195305AC00C6C32F /* ScrollCollageViewController.h */,
				39DF5A71195305AC00C6C32F /* ScrollCollageViewController.m */,
				39DF5A72195305AC00C6C32F /* ScrollCollageViewController.xib */,
				39DF5A7519530A4600C6C32F /* MakeCollageViewController.h */,
				39DF5A7619530A4600C6C32F /* MakeCollageViewController.m */,
				39DF5A7719530A4600C6C32F /* MakeCollageViewController.xib */,
			);
			path = Screen;
			sourceTree = "<group>";
		};
		39DF5A7F195314E500C6C32F /* ImageResize */ = {
			isa = PBXGroup;
			children = (
				39DF5A80195314E500C6C32F /* UIImage+Alpha.h */,
				39DF5A81195314E500C6C32F /* UIImage+Alpha.m */,
				39DF5A82195314E500C6C32F /* UIImage+RawData.h */,
				39DF5A83195314E500C6C32F /* UIImage+RawData.m */,
				39DF5A84195314E500C6C32F /* UIImage+Resize.h */,
				39DF5A85195314E500C6C32F /* UIImage+Resize.m */,
				39DF5A86195314E500C6C32F /* UIImage+RoundedCorner.h */,
				39DF5A87195314E500C6C32F /* UIImage+RoundedCorner.m */,
			);
			path = ImageResize;
			sourceTree = "<group>";
		};
/* End PBXGroup section */

/* Begin PBXNativeTarget section */
		39A89BED1951ABF200A41FE4 /* PicCollage */ = {
			isa = PBXNativeTarget;
			buildConfigurationList = 39A89C1A1951ABF300A41FE4 /* Build configuration list for PBXNativeTarget "PicCollage" */;
			buildPhases = (
				39A89BEA1951ABF200A41FE4 /* Sources */,
				39A89BEB1951ABF200A41FE4 /* Frameworks */,
				39A89BEC1951ABF200A41FE4 /* Resources */,
			);
			buildRules = (
			);
			dependencies = (
			);
			name = PicCollage;
			productName = PicCollage;
			productReference = 39A89BEE1951ABF200A41FE4 /* PicCollage.app */;
			productType = "com.apple.product-type.application";
		};
		39A89C081951ABF300A41FE4 /* PicCollageTests */ = {
			isa = PBXNativeTarget;
			buildConfigurationList = 39A89C1D1951ABF300A41FE4 /* Build configuration list for PBXNativeTarget "PicCollageTests" */;
			buildPhases = (
				39A89C051951ABF300A41FE4 /* Sources */,
				39A89C061951ABF300A41FE4 /* Frameworks */,
				39A89C071951ABF300A41FE4 /* Resources */,
			);
			buildRules = (
			);
			dependencies = (
				39A89C0F1951ABF300A41FE4 /* PBXTargetDependency */,
			);
			name = PicCollageTests;
			productName = PicCollageTests;
			productReference = 39A89C091951ABF300A41FE4 /* PicCollageTests.xctest */;
			productType = "com.apple.product-type.bundle.unit-test";
		};
/* End PBXNativeTarget section */

/* Begin PBXProject section */
		39A89BE61951ABF200A41FE4 /* Project object */ = {
			isa = PBXProject;
			attributes = {
				LastUpgradeCheck = 0510;
				ORGANIZATIONNAME = com.solutionanalysts;
				TargetAttributes = {
					39A89C081951ABF300A41FE4 = {
						TestTargetID = 39A89BED1951ABF200A41FE4;
					};
				};
			};
			buildConfigurationList = 39A89BE91951ABF200A41FE4 /* Build configuration list for PBXProject "PicCollage" */;
			compatibilityVersion = "Xcode 3.2";
			developmentRegion = English;
			hasScannedForEncodings = 0;
			knownRegions = (
				en,
			);
			mainGroup = 39A89BE51951ABF200A41FE4;
			productRefGroup = 39A89BEF1951ABF200A41FE4 /* Products */;
			projectDirPath = "";
			projectRoot = "";
			targets = (
				39A89BED1951ABF200A41FE4 /* PicCollage */,
				39A89C081951ABF300A41FE4 /* PicCollageTests */,
			);
		};
/* End PBXProject section */

/* Begin PBXResourcesBuildPhase section */
		39A89BEC1951ABF200A41FE4 /* Resources */ = {
			isa = PBXResourcesBuildPhase;
			buildActionMask = 2147483647;
			files = (
				39A89BFC1951ABF200A41FE4 /* InfoPlist.strings in Resources */,
				39A89C041951ABF200A41FE4 /* Images.xcassets in Resources */,
				39DF5A7919530A4600C6C32F /* MakeCollageViewController.xib in Resources */,
				39DF5A74195305AC00C6C32F /* ScrollCollageViewController.xib in Resources */,
			);
			runOnlyForDeploymentPostprocessing = 0;
		};
		39A89C071951ABF300A41FE4 /* Resources */ = {
			isa = PBXResourcesBuildPhase;
			buildActionMask = 2147483647;
			files = (
				39A89C151951ABF300A41FE4 /* InfoPlist.strings in Resources */,
			);
			runOnlyForDeploymentPostprocessing = 0;
		};
/* End PBXResourcesBuildPhase section */

/* Begin PBXSourcesBuildPhase section */
		39A89BEA1951ABF200A41FE4 /* Sources */ = {
			isa = PBXSourcesBuildPhase;
			buildActionMask = 2147483647;
			files = (
				39DF5A89195314E500C6C32F /* UIImage+RawData.m in Sources */,
				39DF5A8B195314E500C6C32F /* UIImage+RoundedCorner.m in Sources */,
				39DF5A8A195314E500C6C32F /* UIImage+Resize.m in Sources */,
				39A89C021951ABF200A41FE4 /* AppDelegate.m in Sources */,
				39DF5A7C19530E5C00C6C32F /* ImagePickerView.m in Sources */,
				39DF5A88195314E500C6C32F /* UIImage+Alpha.m in Sources */,
				39DF5A73195305AC00C6C32F /* ScrollCollageViewController.m in Sources */,
				39DF5A7819530A4600C6C32F /* MakeCollageViewController.m in Sources */,
				39A89BFE1951ABF200A41FE4 /* main.m in Sources */,
			);
			runOnlyForDeploymentPostprocessing = 0;
		};
		39A89C051951ABF300A41FE4 /* Sources */ = {
			isa = PBXSourcesBuildPhase;
			buildActionMask = 2147483647;
			files = (
				39A89C171951ABF300A41FE4 /* PicCollageTests.m in Sources */,
			);
			runOnlyForDeploymentPostprocessing = 0;
		};
/* End PBXSourcesBuildPhase section */

/* Begin PBXTargetDependency section */
		39A89C0F1951ABF300A41FE4 /* PBXTargetDependency */ = {
			isa = PBXTargetDependency;
			target = 39A89BED1951ABF200A41FE4 /* PicCollage */;
			targetProxy = 39A89C0E1951ABF300A41FE4 /* PBXContainerItemProxy */;
		};
/* End PBXTargetDependency section */

/* Begin PBXVariantGroup section */
		39A89BFA1951ABF200A41FE4 /* InfoPlist.strings */ = {
			isa = PBXVariantGroup;
			children = (
				39A89BFB1951ABF200A41FE4 /* en */,
			);
			name = InfoPlist.strings;
			sourceTree = "<group>";
		};
		39A89C131951ABF300A41FE4 /* InfoPlist.strings */ = {
			isa = PBXVariantGroup;
			children = (
				39A89C141951ABF300A41FE4 /* en */,
			);
			name = InfoPlist.strings;
			sourceTree = "<group>";
		};
/* End PBXVariantGroup section */

/* Begin XCBuildConfiguration section */
		39A89C181951ABF300A41FE4 /* Debug */ = {
			isa = XCBuildConfiguration;
			buildSettings = {
				ALWAYS_SEARCH_USER_PATHS = NO;
				CLANG_CXX_LANGUAGE_STANDARD = "gnu++0x";
				CLANG_CXX_LIBRARY = "libc++";
				CLANG_ENABLE_MODULES = YES;
				CLANG_ENABLE_OBJC_ARC = YES;
				CLANG_WARN_BOOL_CONVERSION = YES;
				CLANG_WARN_CONSTANT_CONVERSION = YES;
				CLANG_WARN_DIRECT_OBJC_ISA_USAGE = YES_ERROR;
				CLANG_WARN_EMPTY_BODY = YES;
				CLANG_WARN_ENUM_CONVERSION = YES;
				CLANG_WARN_INT_CONVERSION = YES;
				CLANG_WARN_OBJC_ROOT_CLASS = YES_ERROR;
				CLANG_WARN__DUPLICATE_METHOD_MATCH = YES;
				"CODE_SIGN_IDENTITY[sdk=iphoneos*]" = "iPhone Developer";
				COPY_PHASE_STRIP = NO;
				GCC_C_LANGUAGE_STANDARD = gnu99;
				GCC_DYNAMIC_NO_PIC = NO;
				GCC_OPTIMIZATION_LEVEL = 0;
				GCC_PREPROCESSOR_DEFINITIONS = (
					"DEBUG=1",
					"$(inherited)",
				);
				GCC_SYMBOLS_PRIVATE_EXTERN = NO;
				GCC_WARN_64_TO_32_BIT_CONVERSION = YES;
				GCC_WARN_ABOUT_RETURN_TYPE = YES_ERROR;
				GCC_WARN_UNDECLARED_SELECTOR = YES;
				GCC_WARN_UNINITIALIZED_AUTOS = YES_AGGRESSIVE;
				GCC_WARN_UNUSED_FUNCTION = YES;
				GCC_WARN_UNUSED_VARIABLE = YES;
				IPHONEOS_DEPLOYMENT_TARGET = 7.1;
				ONLY_ACTIVE_ARCH = YES;
				SDKROOT = iphoneos;
			};
			name = Debug;
		};
		39A89C191951ABF300A41FE4 /* Release */ = {
			isa = XCBuildConfiguration;
			buildSettings = {
				ALWAYS_SEARCH_USER_PATHS = NO;
				CLANG_CXX_LANGUAGE_STANDARD = "gnu++0x";
				CLANG_CXX_LIBRARY = "libc++";
				CLANG_ENABLE_MODULES = YES;
				CLANG_ENABLE_OBJC_ARC = YES;
				CLANG_WARN_BOOL_CONVERSION = YES;
				CLANG_WARN_CONSTANT_CONVERSION = YES;
				CLANG_WARN_DIRECT_OBJC_ISA_USAGE = YES_ERROR;
				CLANG_WARN_EMPTY_BODY = YES;
				CLANG_WARN_ENUM_CONVERSION = YES;
				CLANG_WARN_INT_CONVERSION = YES;
				CLANG_WARN_OBJC_ROOT_CLASS = YES_ERROR;
				CLANG_WARN__DUPLICATE_METHOD_MATCH = YES;
				"CODE_SIGN_IDENTITY[sdk=iphoneos*]" = "iPhone Developer";
				COPY_PHASE_STRIP = YES;
				ENABLE_NS_ASSERTIONS = NO;
				GCC_C_LANGUAGE_STANDARD = gnu99;
				GCC_WARN_64_TO_32_BIT_CONVERSION = YES;
				GCC_WARN_ABOUT_RETURN_TYPE = YES_ERROR;
				GCC_WARN_UNDECLARED_SELECTOR = YES;
				GCC_WARN_UNINITIALIZED_AUTOS = YES_AGGRESSIVE;
				GCC_WARN_UNUSED_FUNCTION = YES;
				GCC_WARN_UNUSED_VARIABLE = YES;
				IPHONEOS_DEPLOYMENT_TARGET = 7.1;
				SDKROOT = iphoneos;
				VALIDATE_PRODUCT = YES;
			};
			name = Release;
		};
		39A89C1B1951ABF300A41FE4 /* Debug */ = {
			isa = XCBuildConfiguration;
			buildSettings = {
				ASSETCATALOG_COMPILER_APPICON_NAME = AppIcon;
				ASSETCATALOG_COMPILER_LAUNCHIMAGE_NAME = LaunchImage;
				GCC_PRECOMPILE_PREFIX_HEADER = YES;
				GCC_PREFIX_HEADER = "PicCollage/PicCollage-Prefix.pch";
				INFOPLIST_FILE = "PicCollage/PicCollage-Info.plist";
				IPHONEOS_DEPLOYMENT_TARGET = 6.0;
				PRODUCT_NAME = "$(TARGET_NAME)";
				WRAPPER_EXTENSION = app;
			};
			name = Debug;
		};
		39A89C1C1951ABF300A41FE4 /* Release */ = {
			isa = XCBuildConfiguration;
			buildSettings = {
				ASSETCATALOG_COMPILER_APPICON_NAME = AppIcon;
				ASSETCATALOG_COMPILER_LAUNCHIMAGE_NAME = LaunchImage;
				GCC_PRECOMPILE_PREFIX_HEADER = YES;
				GCC_PREFIX_HEADER = "PicCollage/PicCollage-Prefix.pch";
				INFOPLIST_FILE = "PicCollage/PicCollage-Info.plist";
				IPHONEOS_DEPLOYMENT_TARGET = 6.0;
				PRODUCT_NAME = "$(TARGET_NAME)";
				WRAPPER_EXTENSION = app;
			};
			name = Release;
		};
		39A89C1E1951ABF300A41FE4 /* Debug */ = {
			isa = XCBuildConfiguration;
			buildSettings = {
				BUNDLE_LOADER = "$(BUILT_PRODUCTS_DIR)/PicCollage.app/PicCollage";
				FRAMEWORK_SEARCH_PATHS = (
					"$(SDKROOT)/Developer/Library/Frameworks",
					"$(inherited)",
					"$(DEVELOPER_FRAMEWORKS_DIR)",
				);
				GCC_PRECOMPILE_PREFIX_HEADER = YES;
				GCC_PREFIX_HEADER = "PicCollage/PicCollage-Prefix.pch";
				GCC_PREPROCESSOR_DEFINITIONS = (
					"DEBUG=1",
					"$(inherited)",
				);
				INFOPLIST_FILE = "PicCollageTests/PicCollageTests-Info.plist";
				PRODUCT_NAME = "$(TARGET_NAME)";
				TEST_HOST = "$(BUNDLE_LOADER)";
				WRAPPER_EXTENSION = xctest;
			};
			name = Debug;
		};
		39A89C1F1951ABF300A41FE4 /* Release */ = {
			isa = XCBuildConfiguration;
			buildSettings = {
				BUNDLE_LOADER = "$(BUILT_PRODUCTS_DIR)/PicCollage.app/PicCollage";
				FRAMEWORK_SEARCH_PATHS = (
					"$(SDKROOT)/Developer/Library/Frameworks",
					"$(inherited)",
					"$(DEVELOPER_FRAMEWORKS_DIR)",
				);
				GCC_PRECOMPILE_PREFIX_HEADER = YES;
				GCC_PREFIX_HEADER = "PicCollage/PicCollage-Prefix.pch";
				INFOPLIST_FILE = "PicCollageTests/PicCollageTests-Info.plist";
				PRODUCT_NAME = "$(TARGET_NAME)";
				TEST_HOST = "$(BUNDLE_LOADER)";
				WRAPPER_EXTENSION = xctest;
			};
			name = Release;
		};
/* End XCBuildConfiguration section */

/* Begin XCConfigurationList section */
		39A89BE91951ABF200A41FE4 /* Build configuration list for PBXProject "PicCollage" */ = {
			isa = XCConfigurationList;
			buildConfigurations = (
				39A89C181951ABF300A41FE4 /* Debug */,
				39A89C191951ABF300A41FE4 /* Release */,
			);
			defaultConfigurationIsVisible = 0;
			defaultConfigurationName = Release;
		};
		39A89C1A1951ABF300A41FE4 /* Build configuration list for PBXNativeTarget "PicCollage" */ = {
			isa = XCConfigurationList;
			buildConfigurations = (
				39A89C1B1951ABF300A41FE4 /* Debug */,
				39A89C1C1951ABF300A41FE4 /* Release */,
			);
			defaultConfigurationIsVisible = 0;
			defaultConfigurationName = Release;
		};
		39A89C1D1951ABF300A41FE4 /* Build configuration list for PBXNativeTarget "PicCollageTests" */ = {
			isa = XCConfigurationList;
			buildConfigurations = (
				39A89C1E1951ABF300A41FE4 /* Debug */,
				39A89C1F1951ABF300A41FE4 /* Release */,
			);
			defaultConfigurationIsVisible = 0;
			defaultConfigurationName = Release;
		};
/* End XCConfigurationList section */
	};
	rootObject = 39A89BE61951ABF200A41FE4 /* Project object */;
}
